
Microsoft Visual Studio Solution File, Format Version 11.00
# Visual Studio 2010
# SharpDevelop 4.4
Project("{FD48973F-F585-4F70-812B-4D0503B36CE9}") = "Lang162a", "Lang162a\Lang162a.pyproj", "{3DF24E7C-9E94-4A85-A56A-27481B4D60B5}"
EndProject
Global
	GlobalSection(SolutionConfigurationPlatforms) = preSolution
		Debug|Any CPU = Debug|Any CPU
		Release|Any CPU = Release|Any CPU
	EndGlobalSection
	GlobalSection(ProjectConfigurationPlatforms) = postSolution
		{3DF24E7C-9E94-4A85-A56A-27481B4D60B5}.Debug|Any CPU.Build.0 = Debug|Any CPU
		{3DF24E7C-9E94-4A85-A56A-27481B4D60B5}.Debug|Any CPU.ActiveCfg = Debug|Any CPU
		{3DF24E7C-9E94-4A85-A56A-27481B4D60B5}.Release|Any CPU.Build.0 = Release|Any CPU
		{3DF24E7C-9E94-4A85-A56A-27481B4D60B5}.Release|Any CPU.ActiveCfg = Release|Any CPU
	EndGlobalSection
EndGlobal
