
Microsoft Visual Studio Solution File, Format Version 11.00
# Visual Studio 2010
# SharpDevelop 4.4
Project("{FD48973F-F585-4F70-812B-4D0503B36CE9}") = "Pg153SalaryCalc", "Pg153SalaryCalc\Pg153SalaryCalc.pyproj", "{37107DBB-7D73-470D-867C-977F6FDA519A}"
EndProject
Global
	GlobalSection(SolutionConfigurationPlatforms) = preSolution
		Debug|Any CPU = Debug|Any CPU
		Release|Any CPU = Release|Any CPU
	EndGlobalSection
	GlobalSection(ProjectConfigurationPlatforms) = postSolution
		{37107DBB-7D73-470D-867C-977F6FDA519A}.Debug|Any CPU.Build.0 = Debug|Any CPU
		{37107DBB-7D73-470D-867C-977F6FDA519A}.Debug|Any CPU.ActiveCfg = Debug|Any CPU
		{37107DBB-7D73-470D-867C-977F6FDA519A}.Release|Any CPU.Build.0 = Release|Any CPU
		{37107DBB-7D73-470D-867C-977F6FDA519A}.Release|Any CPU.ActiveCfg = Release|Any CPU
	EndGlobalSection
EndGlobal
