
Microsoft Visual Studio Solution File, Format Version 11.00
# Visual Studio 2010
# SharpDevelop 4.4
Project("{FD48973F-F585-4F70-812B-4D0503B36CE9}") = "Lanf58t", "Lanf58t\Lanf58t.pyproj", "{5E5EE443-A52D-41B5-B5EA-43CFAB1558EC}"
EndProject
Global
	GlobalSection(SolutionConfigurationPlatforms) = preSolution
		Debug|Any CPU = Debug|Any CPU
		Release|Any CPU = Release|Any CPU
	EndGlobalSection
	GlobalSection(ProjectConfigurationPlatforms) = postSolution
		{5E5EE443-A52D-41B5-B5EA-43CFAB1558EC}.Debug|Any CPU.Build.0 = Debug|Any CPU
		{5E5EE443-A52D-41B5-B5EA-43CFAB1558EC}.Debug|Any CPU.ActiveCfg = Debug|Any CPU
		{5E5EE443-A52D-41B5-B5EA-43CFAB1558EC}.Release|Any CPU.Build.0 = Release|Any CPU
		{5E5EE443-A52D-41B5-B5EA-43CFAB1558EC}.Release|Any CPU.ActiveCfg = Release|Any CPU
	EndGlobalSection
EndGlobal
