
Microsoft Visual Studio Solution File, Format Version 11.00
# Visual Studio 2010
# SharpDevelop 4.4
Project("{FD48973F-F585-4F70-812B-4D0503B36CE9}") = "Lang54a", "Lang54a.pyproj", "{ADC119CA-9E37-4738-A9F3-5E97E84CF7EC}"
EndProject
Global
	GlobalSection(SolutionConfigurationPlatforms) = preSolution
		Debug|Any CPU = Debug|Any CPU
		Release|Any CPU = Release|Any CPU
	EndGlobalSection
	GlobalSection(ProjectConfigurationPlatforms) = postSolution
		{ADC119CA-9E37-4738-A9F3-5E97E84CF7EC}.Debug|Any CPU.Build.0 = Debug|Any CPU
		{ADC119CA-9E37-4738-A9F3-5E97E84CF7EC}.Debug|Any CPU.ActiveCfg = Debug|Any CPU
		{ADC119CA-9E37-4738-A9F3-5E97E84CF7EC}.Release|Any CPU.Build.0 = Release|Any CPU
		{ADC119CA-9E37-4738-A9F3-5E97E84CF7EC}.Release|Any CPU.ActiveCfg = Release|Any CPU
	EndGlobalSection
EndGlobal
