
Microsoft Visual Studio Solution File, Format Version 11.00
# Visual Studio 2010
# SharpDevelop 4.4
Project("{FD48973F-F585-4F70-812B-4D0503B36CE9}") = "Lang122d", "Lang122d\Lang122d.pyproj", "{2B9B0B7B-B77A-467E-AECD-F0D682F3111B}"
EndProject
Global
	GlobalSection(SolutionConfigurationPlatforms) = preSolution
		Debug|Any CPU = Debug|Any CPU
		Release|Any CPU = Release|Any CPU
	EndGlobalSection
	GlobalSection(ProjectConfigurationPlatforms) = postSolution
		{2B9B0B7B-B77A-467E-AECD-F0D682F3111B}.Debug|Any CPU.Build.0 = Debug|Any CPU
		{2B9B0B7B-B77A-467E-AECD-F0D682F3111B}.Debug|Any CPU.ActiveCfg = Debug|Any CPU
		{2B9B0B7B-B77A-467E-AECD-F0D682F3111B}.Release|Any CPU.Build.0 = Release|Any CPU
		{2B9B0B7B-B77A-467E-AECD-F0D682F3111B}.Release|Any CPU.ActiveCfg = Release|Any CPU
	EndGlobalSection
EndGlobal
