
Microsoft Visual Studio Solution File, Format Version 11.00
# Visual Studio 2010
# SharpDevelop 4.4
Project("{FD48973F-F585-4F70-812B-4D0503B36CE9}") = "Pg140SimpleCalc", "Pg140SimpleCalc\Pg140SimpleCalc.pyproj", "{4A571CC0-D569-41BC-9241-A6BD6499768A}"
EndProject
Global
	GlobalSection(SolutionConfigurationPlatforms) = preSolution
		Debug|Any CPU = Debug|Any CPU
		Release|Any CPU = Release|Any CPU
	EndGlobalSection
	GlobalSection(ProjectConfigurationPlatforms) = postSolution
		{4A571CC0-D569-41BC-9241-A6BD6499768A}.Debug|Any CPU.Build.0 = Debug|Any CPU
		{4A571CC0-D569-41BC-9241-A6BD6499768A}.Debug|Any CPU.ActiveCfg = Debug|Any CPU
		{4A571CC0-D569-41BC-9241-A6BD6499768A}.Release|Any CPU.Build.0 = Release|Any CPU
		{4A571CC0-D569-41BC-9241-A6BD6499768A}.Release|Any CPU.ActiveCfg = Release|Any CPU
	EndGlobalSection
EndGlobal
