
Microsoft Visual Studio Solution File, Format Version 11.00
# Visual Studio 2010
# SharpDevelop 4.4
Project("{FD48973F-F585-4F70-812B-4D0503B36CE9}") = "Lang82a", "Lang82a\Lang82a.pyproj", "{F16E45BD-0561-4404-A0E4-302AB7BEA361}"
EndProject
Global
	GlobalSection(SolutionConfigurationPlatforms) = preSolution
		Debug|Any CPU = Debug|Any CPU
		Release|Any CPU = Release|Any CPU
	EndGlobalSection
	GlobalSection(ProjectConfigurationPlatforms) = postSolution
		{F16E45BD-0561-4404-A0E4-302AB7BEA361}.Debug|Any CPU.Build.0 = Debug|Any CPU
		{F16E45BD-0561-4404-A0E4-302AB7BEA361}.Debug|Any CPU.ActiveCfg = Debug|Any CPU
		{F16E45BD-0561-4404-A0E4-302AB7BEA361}.Release|Any CPU.Build.0 = Release|Any CPU
		{F16E45BD-0561-4404-A0E4-302AB7BEA361}.Release|Any CPU.ActiveCfg = Release|Any CPU
	EndGlobalSection
EndGlobal
