
Microsoft Visual Studio Solution File, Format Version 11.00
# Visual Studio 2010
# SharpDevelop 4.4
Project("{FD48973F-F585-4F70-812B-4D0503B36CE9}") = "List_Slices", "List_Slices\List_Slices.pyproj", "{4DB4D4AE-F01D-4440-878E-F153E2F93F0D}"
EndProject
Global
	GlobalSection(SolutionConfigurationPlatforms) = preSolution
		Debug|Any CPU = Debug|Any CPU
		Release|Any CPU = Release|Any CPU
	EndGlobalSection
	GlobalSection(ProjectConfigurationPlatforms) = postSolution
		{4DB4D4AE-F01D-4440-878E-F153E2F93F0D}.Debug|Any CPU.Build.0 = Debug|Any CPU
		{4DB4D4AE-F01D-4440-878E-F153E2F93F0D}.Debug|Any CPU.ActiveCfg = Debug|Any CPU
		{4DB4D4AE-F01D-4440-878E-F153E2F93F0D}.Release|Any CPU.Build.0 = Release|Any CPU
		{4DB4D4AE-F01D-4440-878E-F153E2F93F0D}.Release|Any CPU.ActiveCfg = Release|Any CPU
	EndGlobalSection
EndGlobal
